
Microsoft Visual Studio Solution File, Format Version 12.00
# Visual Studio Version 17
VisualStudioVersion = 17.12.35707.178 d17.12
MinimumVisualStudioVersion = 10.0.40219.1
Project("{FAE04EC0-301F-11D3-BF4B-00C04F79EFBC}") = "VaccineScheduleAPI", "VaccineScheduleAPI\VaccineScheduleAPI.csproj", "{CBE398A4-1BF1-4141-8CBD-0BA2ADACA7FD}"
EndProject
Project("{FAE04EC0-301F-11D3-BF4B-00C04F79EFBC}") = "Services", "Services\Services.csproj", "{4B988602-4E17-4EC6-AC86-93F47A6D6338}"
EndProject
Project("{FAE04EC0-301F-11D3-BF4B-00C04F79EFBC}") = "IServices", "IServices\IServices.csproj", "{14105A6F-A805-4147-BAD7-97B0CF23A662}"
EndProject
Project("{FAE04EC0-301F-11D3-BF4B-00C04F79EFBC}") = "IRepositories", "IRepositories\IRepositories.csproj", "{1268712C-1566-4123-A09D-9D320D5135EF}"
EndProject
Project("{FAE04EC0-301F-11D3-BF4B-00C04F79EFBC}") = "Repositories", "Repositories\Repositories.csproj", "{10748C79-2ABC-4269-828F-1FF0280C347C}"
EndProject
Project("{FAE04EC0-301F-11D3-BF4B-00C04F79EFBC}") = "Core", "Core\Core.csproj", "{54BE92BE-B747-4EB1-9FE8-FAA3D0F604C3}"
EndProject
Project("{FAE04EC0-301F-11D3-BF4B-00C04F79EFBC}") = "ModelViews", "ModelViews\ModelViews.csproj", "{687DB35C-9513-415C-924D-D0BC2DEC49E4}"
EndProject
Project("{2150E333-8FDC-42A3-9474-1A3956D46DE8}") = "1. SERVER", "1. SERVER", "{03C0A220-DC47-44EC-8E66-4685FD49C029}"
EndProject
Project("{2150E333-8FDC-42A3-9474-1A3956D46DE8}") = "2. SERVICES", "2. SERVICES", "{C2EE65BC-BBA7-4945-B76B-1E9C23BAD392}"
EndProject
Project("{2150E333-8FDC-42A3-9474-1A3956D46DE8}") = "3. REPOSITORIES", "3. REPOSITORIES", "{1B316F69-9AC0-4D1D-BC07-F405FC432648}"
EndProject
Project("{2150E333-8FDC-42A3-9474-1A3956D46DE8}") = "4. CORE", "4. CORE", "{BB886279-F689-46E9-950B-6674FB8A93DF}"
EndProject
Global
	GlobalSection(SolutionConfigurationPlatforms) = preSolution
		Debug|Any CPU = Debug|Any CPU
		Release|Any CPU = Release|Any CPU
	EndGlobalSection
	GlobalSection(ProjectConfigurationPlatforms) = postSolution
		{CBE398A4-1BF1-4141-8CBD-0BA2ADACA7FD}.Debug|Any CPU.ActiveCfg = Debug|Any CPU
		{CBE398A4-1BF1-4141-8CBD-0BA2ADACA7FD}.Debug|Any CPU.Build.0 = Debug|Any CPU
		{CBE398A4-1BF1-4141-8CBD-0BA2ADACA7FD}.Release|Any CPU.ActiveCfg = Release|Any CPU
		{CBE398A4-1BF1-4141-8CBD-0BA2ADACA7FD}.Release|Any CPU.Build.0 = Release|Any CPU
		{4B988602-4E17-4EC6-AC86-93F47A6D6338}.Debug|Any CPU.ActiveCfg = Debug|Any CPU
		{4B988602-4E17-4EC6-AC86-93F47A6D6338}.Debug|Any CPU.Build.0 = Debug|Any CPU
		{4B988602-4E17-4EC6-AC86-93F47A6D6338}.Release|Any CPU.ActiveCfg = Release|Any CPU
		{4B988602-4E17-4EC6-AC86-93F47A6D6338}.Release|Any CPU.Build.0 = Release|Any CPU
		{14105A6F-A805-4147-BAD7-97B0CF23A662}.Debug|Any CPU.ActiveCfg = Debug|Any CPU
		{14105A6F-A805-4147-BAD7-97B0CF23A662}.Debug|Any CPU.Build.0 = Debug|Any CPU
		{14105A6F-A805-4147-BAD7-97B0CF23A662}.Release|Any CPU.ActiveCfg = Release|Any CPU
		{14105A6F-A805-4147-BAD7-97B0CF23A662}.Release|Any CPU.Build.0 = Release|Any CPU
		{1268712C-1566-4123-A09D-9D320D5135EF}.Debug|Any CPU.ActiveCfg = Debug|Any CPU
		{1268712C-1566-4123-A09D-9D320D5135EF}.Debug|Any CPU.Build.0 = Debug|Any CPU
		{1268712C-1566-4123-A09D-9D320D5135EF}.Release|Any CPU.ActiveCfg = Release|Any CPU
		{1268712C-1566-4123-A09D-9D320D5135EF}.Release|Any CPU.Build.0 = Release|Any CPU
		{10748C79-2ABC-4269-828F-1FF0280C347C}.Debug|Any CPU.ActiveCfg = Debug|Any CPU
		{10748C79-2ABC-4269-828F-1FF0280C347C}.Debug|Any CPU.Build.0 = Debug|Any CPU
		{10748C79-2ABC-4269-828F-1FF0280C347C}.Release|Any CPU.ActiveCfg = Release|Any CPU
		{10748C79-2ABC-4269-828F-1FF0280C347C}.Release|Any CPU.Build.0 = Release|Any CPU
		{54BE92BE-B747-4EB1-9FE8-FAA3D0F604C3}.Debug|Any CPU.ActiveCfg = Debug|Any CPU
		{54BE92BE-B747-4EB1-9FE8-FAA3D0F604C3}.Debug|Any CPU.Build.0 = Debug|Any CPU
		{54BE92BE-B747-4EB1-9FE8-FAA3D0F604C3}.Release|Any CPU.ActiveCfg = Release|Any CPU
		{54BE92BE-B747-4EB1-9FE8-FAA3D0F604C3}.Release|Any CPU.Build.0 = Release|Any CPU
		{687DB35C-9513-415C-924D-D0BC2DEC49E4}.Debug|Any CPU.ActiveCfg = Debug|Any CPU
		{687DB35C-9513-415C-924D-D0BC2DEC49E4}.Debug|Any CPU.Build.0 = Debug|Any CPU
		{687DB35C-9513-415C-924D-D0BC2DEC49E4}.Release|Any CPU.ActiveCfg = Release|Any CPU
		{687DB35C-9513-415C-924D-D0BC2DEC49E4}.Release|Any CPU.Build.0 = Release|Any CPU
	EndGlobalSection
	GlobalSection(SolutionProperties) = preSolution
		HideSolutionNode = FALSE
	EndGlobalSection
	GlobalSection(NestedProjects) = preSolution
		{CBE398A4-1BF1-4141-8CBD-0BA2ADACA7FD} = {03C0A220-DC47-44EC-8E66-4685FD49C029}
		{4B988602-4E17-4EC6-AC86-93F47A6D6338} = {C2EE65BC-BBA7-4945-B76B-1E9C23BAD392}
		{14105A6F-A805-4147-BAD7-97B0CF23A662} = {C2EE65BC-BBA7-4945-B76B-1E9C23BAD392}
		{1268712C-1566-4123-A09D-9D320D5135EF} = {1B316F69-9AC0-4D1D-BC07-F405FC432648}
		{10748C79-2ABC-4269-828F-1FF0280C347C} = {1B316F69-9AC0-4D1D-BC07-F405FC432648}
		{54BE92BE-B747-4EB1-9FE8-FAA3D0F604C3} = {BB886279-F689-46E9-950B-6674FB8A93DF}
		{687DB35C-9513-415C-924D-D0BC2DEC49E4} = {1B316F69-9AC0-4D1D-BC07-F405FC432648}
	EndGlobalSection
EndGlobal
